
Microsoft Visual Studio Solution File, Format Version 12.00
# Visual Studio Version 17
VisualStudioVersion = 17.11.35327.3
MinimumVisualStudioVersion = 10.0.40219.1
Project("{8BC9CEB8-8B4A-11D0-8D11-00A0C91BC942}") = "ConsoleApplication6", "ConsoleApplication6.vcxproj", "{59A6082F-A933-434A-A4FC-9FDF911DDEC3}"
EndProject
Global
	GlobalSection(SolutionConfigurationPlatforms) = preSolution
		Debug|x64 = Debug|x64
		Debug|x86 = Debug|x86
		Release|x64 = Release|x64
		Release|x86 = Release|x86
	EndGlobalSection
	GlobalSection(ProjectConfigurationPlatforms) = postSolution
		{59A6082F-A933-434A-A4FC-9FDF911DDEC3}.Debug|x64.ActiveCfg = Debug|x64
		{59A6082F-A933-434A-A4FC-9FDF911DDEC3}.Debug|x64.Build.0 = Debug|x64
		{59A6082F-A933-434A-A4FC-9FDF911DDEC3}.Debug|x86.ActiveCfg = Debug|Win32
		{59A6082F-A933-434A-A4FC-9FDF911DDEC3}.Debug|x86.Build.0 = Debug|Win32
		{59A6082F-A933-434A-A4FC-9FDF911DDEC3}.Release|x64.ActiveCfg = Release|x64
		{59A6082F-A933-434A-A4FC-9FDF911DDEC3}.Release|x64.Build.0 = Release|x64
		{59A6082F-A933-434A-A4FC-9FDF911DDEC3}.Release|x86.ActiveCfg = Release|Win32
		{59A6082F-A933-434A-A4FC-9FDF911DDEC3}.Release|x86.Build.0 = Release|Win32
	EndGlobalSection
	GlobalSection(SolutionProperties) = preSolution
		HideSolutionNode = FALSE
	EndGlobalSection
	GlobalSection(ExtensibilityGlobals) = postSolution
		SolutionGuid = {7F8431F4-3DC1-4402-8E05-7B7F0C4042DC}
	EndGlobalSection
EndGlobal
